
Microsoft Visual Studio Solution File, Format Version 12.00
# Visual Studio Version 17
VisualStudioVersion = 17.4.33122.133
MinimumVisualStudioVersion = 10.0.40219.1
Project("{FAE04EC0-301F-11D3-BF4B-00C04F79EFBC}") = "Телефонна книжка (WinForms+EF)", "Телефонна книжка (WinForms+EF)\Телефонна книжка (WinForms+EF).csproj", "{AEFECDA0-ABB4-48E3-803D-AB376DAF1302}"
EndProject
Global
	GlobalSection(SolutionConfigurationPlatforms) = preSolution
		Debug|Any CPU = Debug|Any CPU
		Release|Any CPU = Release|Any CPU
	EndGlobalSection
	GlobalSection(ProjectConfigurationPlatforms) = postSolution
		{AEFECDA0-ABB4-48E3-803D-AB376DAF1302}.Debug|Any CPU.ActiveCfg = Debug|Any CPU
		{AEFECDA0-ABB4-48E3-803D-AB376DAF1302}.Debug|Any CPU.Build.0 = Debug|Any CPU
		{AEFECDA0-ABB4-48E3-803D-AB376DAF1302}.Release|Any CPU.ActiveCfg = Release|Any CPU
		{AEFECDA0-ABB4-48E3-803D-AB376DAF1302}.Release|Any CPU.Build.0 = Release|Any CPU
	EndGlobalSection
	GlobalSection(SolutionProperties) = preSolution
		HideSolutionNode = FALSE
	EndGlobalSection
	GlobalSection(ExtensibilityGlobals) = postSolution
		SolutionGuid = {D5C81D06-2629-4BF1-84EB-8C6443C29122}
	EndGlobalSection
EndGlobal
